<?xml version="1.0" encoding="utf-8"?>
<Project ToolsVersion="17.0" xmlns="http://schemas.microsoft.com/developer/msbuild/2003">
  <ItemGroup>
    <CustomBuild Include="C:\Cochlear\Pico-ASHA\build-gui\CMakeFiles\2744e3fc97c655e1e8c8f78db206a575\PACKAGE_force.rule">
      <Filter>CMake Rules</Filter>
    </CustomBuild>
  </ItemGroup>
  <ItemGroup>
    <Filter Include="CMake Rules">
      <UniqueIdentifier>{E7E890CC-A397-3C1C-B28C-6E32A0835E8F}</UniqueIdentifier>
    </Filter>
  </ItemGroup>
</Project>
